// !$*UTF8*$!
{
	archiveVersion = 1;
	classes = {
	};
	objectVersion = 55;
	objects = {

/* Begin PBXBuildFile section */
		0258DDFE1242A9117DE3A8F7 /* Pods_swift_app_01.framework in Frameworks */ = {isa = PBXBuildFile; fileRef = 37220DC690C13146233D949F /* Pods_swift_app_01.framework */; };
		59FFC55E26D693AC006482D7 /* swift_app_01App.swift in Sources */ = {isa = PBXBuildFile; fileRef = 59FFC55D26D693AC006482D7 /* swift_app_01App.swift */; };
		59FFC56026D693AC006482D7 /* ContentView.swift in Sources */ = {isa = PBXBuildFile; fileRef = 59FFC55F26D693AC006482D7 /* ContentView.swift */; };
		59FFC56226D693AE006482D7 /* Assets.xcassets in Resources */ = {isa = PBXBuildFile; fileRef = 59FFC56126D693AE006482D7 /* Assets.xcassets */; };
		59FFC56526D693AE006482D7 /* Preview Assets.xcassets in Resources */ = {isa = PBXBuildFile; fileRef = 59FFC56426D693AE006482D7 /* Preview Assets.xcassets */; };
		59FFC56F26D693AE006482D7 /* swift_app_01Tests.swift in Sources */ = {isa = PBXBuildFile; fileRef = 59FFC56E26D693AE006482D7 /* swift_app_01Tests.swift */; };
		59FFC57926D693AE006482D7 /* swift_app_01UITests.swift in Sources */ = {isa = PBXBuildFile; fileRef = 59FFC57826D693AE006482D7 /* swift_app_01UITests.swift */; };
		59FFC57B26D693AE006482D7 /* swift_app_01UITestsLaunchTests.swift in Sources */ = {isa = PBXBuildFile; fileRef = 59FFC57A26D693AE006482D7 /* swift_app_01UITestsLaunchTests.swift */; };
		70C0067D8CF07C22A92DE310 /* Pods_swift_app_01_swift_app_01UITests.framework in Frameworks */ = {isa = PBXBuildFile; fileRef = B89577753BC21BA924597657 /* Pods_swift_app_01_swift_app_01UITests.framework */; };
		CE01946A72EE6B82509FCF3E /* Pods_swift_app_01Tests.framework in Frameworks */ = {isa = PBXBuildFile; fileRef = 5CEBB20DBFC391BD56589A48 /* Pods_swift_app_01Tests.framework */; };
/* End PBXBuildFile section */

/* Begin PBXContainerItemProxy section */
		59FFC56B26D693AE006482D7 /* PBXContainerItemProxy */ = {
			isa = PBXContainerItemProxy;
			containerPortal = 59FFC55226D693AC006482D7 /* Project object */;
			proxyType = 1;
			remoteGlobalIDString = 59FFC55926D693AC006482D7;
			remoteInfo = "swift-app-01";
		};
		59FFC57526D693AE006482D7 /* PBXContainerItemProxy */ = {
			isa = PBXContainerItemProxy;
			containerPortal = 59FFC55226D693AC006482D7 /* Project object */;
			proxyType = 1;
			remoteGlobalIDString = 59FFC55926D693AC006482D7;
			remoteInfo = "swift-app-01";
		};
/* End PBXContainerItemProxy section */

/* Begin PBXFileReference section */
		00BC615166556045AF01DB7E /* Pods-swift-app-01-swift-app-01UITests.debug.xcconfig */ = {isa = PBXFileReference; includeInIndex = 1; lastKnownFileType = text.xcconfig; name = "Pods-swift-app-01-swift-app-01UITests.debug.xcconfig"; path = "Target Support Files/Pods-swift-app-01-swift-app-01UITests/Pods-swift-app-01-swift-app-01UITests.debug.xcconfig"; sourceTree = "<group>"; };
		2C1ABFDEF8E5D9CDDAD8C965 /* Pods-swift-app-01.release.xcconfig */ = {isa = PBXFileReference; includeInIndex = 1; lastKnownFileType = text.xcconfig; name = "Pods-swift-app-01.release.xcconfig"; path = "Target Support Files/Pods-swift-app-01/Pods-swift-app-01.release.xcconfig"; sourceTree = "<group>"; };
		37220DC690C13146233D949F /* Pods_swift_app_01.framework */ = {isa = PBXFileReference; explicitFileType = wrapper.framework; includeInIndex = 0; path = Pods_swift_app_01.framework; sourceTree = BUILT_PRODUCTS_DIR; };
		3EC290D07A728CACD9782A0D /* Pods-swift-app-01Tests.release.xcconfig */ = {isa = PBXFileReference; includeInIndex = 1; lastKnownFileType = text.xcconfig; name = "Pods-swift-app-01Tests.release.xcconfig"; path = "Target Support Files/Pods-swift-app-01Tests/Pods-swift-app-01Tests.release.xcconfig"; sourceTree = "<group>"; };
		59FFC55A26D693AC006482D7 /* swift-app-01.app */ = {isa = PBXFileReference; explicitFileType = wrapper.application; includeInIndex = 0; path = "swift-app-01.app"; sourceTree = BUILT_PRODUCTS_DIR; };
		59FFC55D26D693AC006482D7 /* swift_app_01App.swift */ = {isa = PBXFileReference; lastKnownFileType = sourcecode.swift; path = swift_app_01App.swift; sourceTree = "<group>"; };
		59FFC55F26D693AC006482D7 /* ContentView.swift */ = {isa = PBXFileReference; lastKnownFileType = sourcecode.swift; path = ContentView.swift; sourceTree = "<group>"; };
		59FFC56126D693AE006482D7 /* Assets.xcassets */ = {isa = PBXFileReference; lastKnownFileType = folder.assetcatalog; path = Assets.xcassets; sourceTree = "<group>"; };
		59FFC56426D693AE006482D7 /* Preview Assets.xcassets */ = {isa = PBXFileReference; lastKnownFileType = folder.assetcatalog; path = "Preview Assets.xcassets"; sourceTree = "<group>"; };
		59FFC56A26D693AE006482D7 /* swift-app-01Tests.xctest */ = {isa = PBXFileReference; explicitFileType = wrapper.cfbundle; includeInIndex = 0; path = "swift-app-01Tests.xctest"; sourceTree = BUILT_PRODUCTS_DIR; };
		59FFC56E26D693AE006482D7 /* swift_app_01Tests.swift */ = {isa = PBXFileReference; lastKnownFileType = sourcecode.swift; path = swift_app_01Tests.swift; sourceTree = "<group>"; };
		59FFC57426D693AE006482D7 /* swift-app-01UITests.xctest */ = {isa = PBXFileReference; explicitFileType = wrapper.cfbundle; includeInIndex = 0; path = "swift-app-01UITests.xctest"; sourceTree = BUILT_PRODUCTS_DIR; };
		59FFC57826D693AE006482D7 /* swift_app_01UITests.swift */ = {isa = PBXFileReference; lastKnownFileType = sourcecode.swift; path = swift_app_01UITests.swift; sourceTree = "<group>"; };
		59FFC57A26D693AE006482D7 /* swift_app_01UITestsLaunchTests.swift */ = {isa = PBXFileReference; lastKnownFileType = sourcecode.swift; path = swift_app_01UITestsLaunchTests.swift; sourceTree = "<group>"; };
		59FFC58926D69629006482D7 /* swift-lib-01 */ = {isa = PBXFileReference; lastKnownFileType = folder; path = "swift-lib-01"; sourceTree = "<group>"; };
		59FFC58A26D69682006482D7 /* swift-lib-02 */ = {isa = PBXFileReference; lastKnownFileType = folder; path = "swift-lib-02"; sourceTree = "<group>"; };
		59FFC58B26D696D0006482D7 /* swift-lib-03 */ = {isa = PBXFileReference; lastKnownFileType = folder; path = "swift-lib-03"; sourceTree = "<group>"; };
		5CEBB20DBFC391BD56589A48 /* Pods_swift_app_01Tests.framework */ = {isa = PBXFileReference; explicitFileType = wrapper.framework; includeInIndex = 0; path = Pods_swift_app_01Tests.framework; sourceTree = BUILT_PRODUCTS_DIR; };
		86F10AF07B9A9C465FD12C20 /* Pods-swift-app-01-swift-app-01UITests.release.xcconfig */ = {isa = PBXFileReference; includeInIndex = 1; lastKnownFileType = text.xcconfig; name = "Pods-swift-app-01-swift-app-01UITests.release.xcconfig"; path = "Target Support Files/Pods-swift-app-01-swift-app-01UITests/Pods-swift-app-01-swift-app-01UITests.release.xcconfig"; sourceTree = "<group>"; };
		A55B8DB0809A072088F01896 /* Pods-swift-app-01.debug.xcconfig */ = {isa = PBXFileReference; includeInIndex = 1; lastKnownFileType = text.xcconfig; name = "Pods-swift-app-01.debug.xcconfig"; path = "Target Support Files/Pods-swift-app-01/Pods-swift-app-01.debug.xcconfig"; sourceTree = "<group>"; };
		B89577753BC21BA924597657 /* Pods_swift_app_01_swift_app_01UITests.framework */ = {isa = PBXFileReference; explicitFileType = wrapper.framework; includeInIndex = 0; path = Pods_swift_app_01_swift_app_01UITests.framework; sourceTree = BUILT_PRODUCTS_DIR; };
		EA6B8FF0F2A0A2601D9E1B11 /* Pods-swift-app-01Tests.debug.xcconfig */ = {isa = PBXFileReference; includeInIndex = 1; lastKnownFileType = text.xcconfig; name = "Pods-swift-app-01Tests.debug.xcconfig"; path = "Target Support Files/Pods-swift-app-01Tests/Pods-swift-app-01Tests.debug.xcconfig"; sourceTree = "<group>"; };
/* End PBXFileReference section */

/* Begin PBXFrameworksBuildPhase section */
		59FFC55726D693AC006482D7 /* Frameworks */ = {
			isa = PBXFrameworksBuildPhase;
			buildActionMask = 2147483647;
			files = (
				0258DDFE1242A9117DE3A8F7 /* Pods_swift_app_01.framework in Frameworks */,
			);
			runOnlyForDeploymentPostprocessing = 0;
		};
		59FFC56726D693AE006482D7 /* Frameworks */ = {
			isa = PBXFrameworksBuildPhase;
			buildActionMask = 2147483647;
			files = (
				CE01946A72EE6B82509FCF3E /* Pods_swift_app_01Tests.framework in Frameworks */,
			);
			runOnlyForDeploymentPostprocessing = 0;
		};
		59FFC57126D693AE006482D7 /* Frameworks */ = {
			isa = PBXFrameworksBuildPhase;
			buildActionMask = 2147483647;
			files = (
				70C0067D8CF07C22A92DE310 /* Pods_swift_app_01_swift_app_01UITests.framework in Frameworks */,
			);
			runOnlyForDeploymentPostprocessing = 0;
		};
/* End PBXFrameworksBuildPhase section */

/* Begin PBXGroup section */
		4A767BD9596398441EDB191F /* Pods */ = {
			isa = PBXGroup;
			children = (
				A55B8DB0809A072088F01896 /* Pods-swift-app-01.debug.xcconfig */,
				2C1ABFDEF8E5D9CDDAD8C965 /* Pods-swift-app-01.release.xcconfig */,
				00BC615166556045AF01DB7E /* Pods-swift-app-01-swift-app-01UITests.debug.xcconfig */,
				86F10AF07B9A9C465FD12C20 /* Pods-swift-app-01-swift-app-01UITests.release.xcconfig */,
				EA6B8FF0F2A0A2601D9E1B11 /* Pods-swift-app-01Tests.debug.xcconfig */,
				3EC290D07A728CACD9782A0D /* Pods-swift-app-01Tests.release.xcconfig */,
			);
			path = Pods;
			sourceTree = "<group>";
		};
		59FFC55126D693AC006482D7 = {
			isa = PBXGroup;
			children = (
				59FFC55C26D693AC006482D7 /* swift-app-01 */,
				59FFC56D26D693AE006482D7 /* swift-app-01Tests */,
				59FFC57726D693AE006482D7 /* swift-app-01UITests */,
				59FFC55B26D693AC006482D7 /* Products */,
				4A767BD9596398441EDB191F /* Pods */,
				B947ED5ABFB0E750FA03CEA5 /* Frameworks */,
			);
			sourceTree = "<group>";
		};
		59FFC55B26D693AC006482D7 /* Products */ = {
			isa = PBXGroup;
			children = (
				59FFC55A26D693AC006482D7 /* swift-app-01.app */,
				59FFC56A26D693AE006482D7 /* swift-app-01Tests.xctest */,
				59FFC57426D693AE006482D7 /* swift-app-01UITests.xctest */,
			);
			name = Products;
			sourceTree = "<group>";
		};
		59FFC55C26D693AC006482D7 /* swift-app-01 */ = {
			isa = PBXGroup;
			children = (
				59FFC58826D6957D006482D7 /* Packages */,
				59FFC55D26D693AC006482D7 /* swift_app_01App.swift */,
				59FFC55F26D693AC006482D7 /* ContentView.swift */,
				59FFC56126D693AE006482D7 /* Assets.xcassets */,
				59FFC56326D693AE006482D7 /* Preview Content */,
			);
			path = "swift-app-01";
			sourceTree = "<group>";
		};
		59FFC56326D693AE006482D7 /* Preview Content */ = {
			isa = PBXGroup;
			children = (
				59FFC56426D693AE006482D7 /* Preview Assets.xcassets */,
			);
			path = "Preview Content";
			sourceTree = "<group>";
		};
		59FFC56D26D693AE006482D7 /* swift-app-01Tests */ = {
			isa = PBXGroup;
			children = (
				59FFC56E26D693AE006482D7 /* swift_app_01Tests.swift */,
			);
			path = "swift-app-01Tests";
			sourceTree = "<group>";
		};
		59FFC57726D693AE006482D7 /* swift-app-01UITests */ = {
			isa = PBXGroup;
			children = (
				59FFC57826D693AE006482D7 /* swift_app_01UITests.swift */,
				59FFC57A26D693AE006482D7 /* swift_app_01UITestsLaunchTests.swift */,
			);
			path = "swift-app-01UITests";
			sourceTree = "<group>";
		};
		59FFC58826D6957D006482D7 /* Packages */ = {
			isa = PBXGroup;
			children = (
				59FFC58B26D696D0006482D7 /* swift-lib-03 */,
				59FFC58A26D69682006482D7 /* swift-lib-02 */,
				59FFC58926D69629006482D7 /* swift-lib-01 */,
			);
			path = Packages;
			sourceTree = "<group>";
		};
		B947ED5ABFB0E750FA03CEA5 /* Frameworks */ = {
			isa = PBXGroup;
			children = (
				37220DC690C13146233D949F /* Pods_swift_app_01.framework */,
				B89577753BC21BA924597657 /* Pods_swift_app_01_swift_app_01UITests.framework */,
				5CEBB20DBFC391BD56589A48 /* Pods_swift_app_01Tests.framework */,
			);
			name = Frameworks;
			sourceTree = "<group>";
		};
/* End PBXGroup section */

/* Begin PBXNativeTarget section */
		59FFC55926D693AC006482D7 /* swift-app-01 */ = {
			isa = PBXNativeTarget;
			buildConfigurationList = 59FFC57E26D693AE006482D7 /* Build configuration list for PBXNativeTarget "swift-app-01" */;
			buildPhases = (
				A91889B87EF92DCA4BB7A52C /* [CP] Check Pods Manifest.lock */,
				59FFC55626D693AC006482D7 /* Sources */,
				59FFC55726D693AC006482D7 /* Frameworks */,
				59FFC55826D693AC006482D7 /* Resources */,
			);
			buildRules = (
			);
			dependencies = (
			);
			name = "swift-app-01";
			productName = "swift-app-01";
			productReference = 59FFC55A26D693AC006482D7 /* swift-app-01.app */;
			productType = "com.apple.product-type.application";
		};
		59FFC56926D693AE006482D7 /* swift-app-01Tests */ = {
			isa = PBXNativeTarget;
			buildConfigurationList = 59FFC58126D693AE006482D7 /* Build configuration list for PBXNativeTarget "swift-app-01Tests" */;
			buildPhases = (
				0C5CB94CEBC6BAEECFB153D7 /* [CP] Check Pods Manifest.lock */,
				59FFC56626D693AE006482D7 /* Sources */,
				59FFC56726D693AE006482D7 /* Frameworks */,
				59FFC56826D693AE006482D7 /* Resources */,
			);
			buildRules = (
			);
			dependencies = (
				59FFC56C26D693AE006482D7 /* PBXTargetDependency */,
			);
			name = "swift-app-01Tests";
			productName = "swift-app-01Tests";
			productReference = 59FFC56A26D693AE006482D7 /* swift-app-01Tests.xctest */;
			productType = "com.apple.product-type.bundle.unit-test";
		};
		59FFC57326D693AE006482D7 /* swift-app-01UITests */ = {
			isa = PBXNativeTarget;
			buildConfigurationList = 59FFC58426D693AE006482D7 /* Build configuration list for PBXNativeTarget "swift-app-01UITests" */;
			buildPhases = (
				1DE1A2EA1FA454D308CAB7CF /* [CP] Check Pods Manifest.lock */,
				59FFC57026D693AE006482D7 /* Sources */,
				59FFC57126D693AE006482D7 /* Frameworks */,
				59FFC57226D693AE006482D7 /* Resources */,
			);
			buildRules = (
			);
			dependencies = (
				59FFC57626D693AE006482D7 /* PBXTargetDependency */,
			);
			name = "swift-app-01UITests";
			productName = "swift-app-01UITests";
			productReference = 59FFC57426D693AE006482D7 /* swift-app-01UITests.xctest */;
			productType = "com.apple.product-type.bundle.ui-testing";
		};
/* End PBXNativeTarget section */

/* Begin PBXProject section */
		59FFC55226D693AC006482D7 /* Project object */ = {
			isa = PBXProject;
			attributes = {
				BuildIndependentTargetsInParallel = 1;
				LastSwiftUpdateCheck = 1300;
				LastUpgradeCheck = 1300;
				TargetAttributes = {
					59FFC55926D693AC006482D7 = {
						CreatedOnToolsVersion = 13.0;
					};
					59FFC56926D693AE006482D7 = {
						CreatedOnToolsVersion = 13.0;
						TestTargetID = 59FFC55926D693AC006482D7;
					};
					59FFC57326D693AE006482D7 = {
						CreatedOnToolsVersion = 13.0;
						TestTargetID = 59FFC55926D693AC006482D7;
					};
				};
			};
			buildConfigurationList = 59FFC55526D693AC006482D7 /* Build configuration list for PBXProject "swift-app-01" */;
			compatibilityVersion = "Xcode 13.0";
			developmentRegion = en;
			hasScannedForEncodings = 0;
			knownRegions = (
				en,
				Base,
			);
			mainGroup = 59FFC55126D693AC006482D7;
			productRefGroup = 59FFC55B26D693AC006482D7 /* Products */;
			projectDirPath = "";
			projectRoot = "";
			targets = (
				59FFC55926D693AC006482D7 /* swift-app-01 */,
				59FFC56926D693AE006482D7 /* swift-app-01Tests */,
				59FFC57326D693AE006482D7 /* swift-app-01UITests */,
			);
		};
/* End PBXProject section */

/* Begin PBXResourcesBuildPhase section */
		59FFC55826D693AC006482D7 /* Resources */ = {
			isa = PBXResourcesBuildPhase;
			buildActionMask = 2147483647;
			files = (
				59FFC56526D693AE006482D7 /* Preview Assets.xcassets in Resources */,
				59FFC56226D693AE006482D7 /* Assets.xcassets in Resources */,
			);
			runOnlyForDeploymentPostprocessing = 0;
		};
		59FFC56826D693AE006482D7 /* Resources */ = {
			isa = PBXResourcesBuildPhase;
			buildActionMask = 2147483647;
			files = (
			);
			runOnlyForDeploymentPostprocessing = 0;
		};
		59FFC57226D693AE006482D7 /* Resources */ = {
			isa = PBXResourcesBuildPhase;
			buildActionMask = 2147483647;
			files = (
			);
			runOnlyForDeploymentPostprocessing = 0;
		};
/* End PBXResourcesBuildPhase section */

/* Begin PBXShellScriptBuildPhase section */
		0C5CB94CEBC6BAEECFB153D7 /* [CP] Check Pods Manifest.lock */ = {
			isa = PBXShellScriptBuildPhase;
			buildActionMask = 2147483647;
			files = (
			);
			inputFileListPaths = (
			);
			inputPaths = (
				"${PODS_PODFILE_DIR_PATH}/Podfile.lock",
				"${PODS_ROOT}/Manifest.lock",
			);
			name = "[CP] Check Pods Manifest.lock";
			outputFileListPaths = (
			);
			outputPaths = (
				"$(DERIVED_FILE_DIR)/Pods-swift-app-01Tests-checkManifestLockResult.txt",
			);
			runOnlyForDeploymentPostprocessing = 0;
			shellPath = /bin/sh;
			shellScript = "diff \"${PODS_PODFILE_DIR_PATH}/Podfile.lock\" \"${PODS_ROOT}/Manifest.lock\" > /dev/null\nif [ $? != 0 ] ; then\n    # print error to STDERR\n    echo \"error: The sandbox is not in sync with the Podfile.lock. Run 'pod install' or update your CocoaPods installation.\" >&2\n    exit 1\nfi\n# This output is used by Xcode 'outputs' to avoid re-running this script phase.\necho \"SUCCESS\" > \"${SCRIPT_OUTPUT_FILE_0}\"\n";
			showEnvVarsInLog = 0;
		};
		1DE1A2EA1FA454D308CAB7CF /* [CP] Check Pods Manifest.lock */ = {
			isa = PBXShellScriptBuildPhase;
			buildActionMask = 2147483647;
			files = (
			);
			inputFileListPaths = (
			);
			inputPaths = (
				"${PODS_PODFILE_DIR_PATH}/Podfile.lock",
				"${PODS_ROOT}/Manifest.lock",
			);
			name = "[CP] Check Pods Manifest.lock";
			outputFileListPaths = (
			);
			outputPaths = (
				"$(DERIVED_FILE_DIR)/Pods-swift-app-01-swift-app-01UITests-checkManifestLockResult.txt",
			);
			runOnlyForDeploymentPostprocessing = 0;
			shellPath = /bin/sh;
			shellScript = "diff \"${PODS_PODFILE_DIR_PATH}/Podfile.lock\" \"${PODS_ROOT}/Manifest.lock\" > /dev/null\nif [ $? != 0 ] ; then\n    # print error to STDERR\n    echo \"error: The sandbox is not in sync with the Podfile.lock. Run 'pod install' or update your CocoaPods installation.\" >&2\n    exit 1\nfi\n# This output is used by Xcode 'outputs' to avoid re-running this script phase.\necho \"SUCCESS\" > \"${SCRIPT_OUTPUT_FILE_0}\"\n";
			showEnvVarsInLog = 0;
		};
		A91889B87EF92DCA4BB7A52C /* [CP] Check Pods Manifest.lock */ = {
			isa = PBXShellScriptBuildPhase;
			buildActionMask = 2147483647;
			files = (
			);
			inputFileListPaths = (
			);
			inputPaths = (
				"${PODS_PODFILE_DIR_PATH}/Podfile.lock",
				"${PODS_ROOT}/Manifest.lock",
			);
			name = "[CP] Check Pods Manifest.lock";
			outputFileListPaths = (
			);
			outputPaths = (
				"$(DERIVED_FILE_DIR)/Pods-swift-app-01-checkManifestLockResult.txt",
			);
			runOnlyForDeploymentPostprocessing = 0;
			shellPath = /bin/sh;
			shellScript = "diff \"${PODS_PODFILE_DIR_PATH}/Podfile.lock\" \"${PODS_ROOT}/Manifest.lock\" > /dev/null\nif [ $? != 0 ] ; then\n    # print error to STDERR\n    echo \"error: The sandbox is not in sync with the Podfile.lock. Run 'pod install' or update your CocoaPods installation.\" >&2\n    exit 1\nfi\n# This output is used by Xcode 'outputs' to avoid re-running this script phase.\necho \"SUCCESS\" > \"${SCRIPT_OUTPUT_FILE_0}\"\n";
			showEnvVarsInLog = 0;
		};
/* End PBXShellScriptBuildPhase section */

/* Begin PBXSourcesBuildPhase section */
		59FFC55626D693AC006482D7 /* Sources */ = {
			isa = PBXSourcesBuildPhase;
			buildActionMask = 2147483647;
			files = (
				59FFC56026D693AC006482D7 /* ContentView.swift in Sources */,
				59FFC55E26D693AC006482D7 /* swift_app_01App.swift in Sources */,
			);
			runOnlyForDeploymentPostprocessing = 0;
		};
		59FFC56626D693AE006482D7 /* Sources */ = {
			isa = PBXSourcesBuildPhase;
			buildActionMask = 2147483647;
			files = (
				59FFC56F26D693AE006482D7 /* swift_app_01Tests.swift in Sources */,
			);
			runOnlyForDeploymentPostprocessing = 0;
		};
		59FFC57026D693AE006482D7 /* Sources */ = {
			isa = PBXSourcesBuildPhase;
			buildActionMask = 2147483647;
			files = (
				59FFC57926D693AE006482D7 /* swift_app_01UITests.swift in Sources */,
				59FFC57B26D693AE006482D7 /* swift_app_01UITestsLaunchTests.swift in Sources */,
			);
			runOnlyForDeploymentPostprocessing = 0;
		};
/* End PBXSourcesBuildPhase section */

/* Begin PBXTargetDependency section */
		59FFC56C26D693AE006482D7 /* PBXTargetDependency */ = {
			isa = PBXTargetDependency;
			target = 59FFC55926D693AC006482D7 /* swift-app-01 */;
			targetProxy = 59FFC56B26D693AE006482D7 /* PBXContainerItemProxy */;
		};
		59FFC57626D693AE006482D7 /* PBXTargetDependency */ = {
			isa = PBXTargetDependency;
			target = 59FFC55926D693AC006482D7 /* swift-app-01 */;
			targetProxy = 59FFC57526D693AE006482D7 /* PBXContainerItemProxy */;
		};
/* End PBXTargetDependency section */

/* Begin XCBuildConfiguration section */
		59FFC57C26D693AE006482D7 /* Debug */ = {
			isa = XCBuildConfiguration;
			buildSettings = {
				ALWAYS_SEARCH_USER_PATHS = NO;
				CLANG_ANALYZER_NONNULL = YES;
				CLANG_ANALYZER_NUMBER_OBJECT_CONVERSION = YES_AGGRESSIVE;
				CLANG_CXX_LANGUAGE_STANDARD = "gnu++17";
				CLANG_CXX_LIBRARY = "libc++";
				CLANG_ENABLE_MODULES = YES;
				CLANG_ENABLE_OBJC_ARC = YES;
				CLANG_ENABLE_OBJC_WEAK = YES;
				CLANG_WARN_BLOCK_CAPTURE_AUTORELEASING = YES;
				CLANG_WARN_BOOL_CONVERSION = YES;
				CLANG_WARN_COMMA = YES;
				CLANG_WARN_CONSTANT_CONVERSION = YES;
				CLANG_WARN_DEPRECATED_OBJC_IMPLEMENTATIONS = YES;
				CLANG_WARN_DIRECT_OBJC_ISA_USAGE = YES_ERROR;
				CLANG_WARN_DOCUMENTATION_COMMENTS = YES;
				CLANG_WARN_EMPTY_BODY = YES;
				CLANG_WARN_ENUM_CONVERSION = YES;
				CLANG_WARN_INFINITE_RECURSION = YES;
				CLANG_WARN_INT_CONVERSION = YES;
				CLANG_WARN_NON_LITERAL_NULL_CONVERSION = YES;
				CLANG_WARN_OBJC_IMPLICIT_RETAIN_SELF = YES;
				CLANG_WARN_OBJC_LITERAL_CONVERSION = YES;
				CLANG_WARN_OBJC_ROOT_CLASS = YES_ERROR;
				CLANG_WARN_QUOTED_INCLUDE_IN_FRAMEWORK_HEADER = YES;
				CLANG_WARN_RANGE_LOOP_ANALYSIS = YES;
				CLANG_WARN_STRICT_PROTOTYPES = YES;
				CLANG_WARN_SUSPICIOUS_MOVE = YES;
				CLANG_WARN_UNGUARDED_AVAILABILITY = YES_AGGRESSIVE;
				CLANG_WARN_UNREACHABLE_CODE = YES;
				CLANG_WARN__DUPLICATE_METHOD_MATCH = YES;
				COPY_PHASE_STRIP = NO;
				DEBUG_INFORMATION_FORMAT = dwarf;
				ENABLE_STRICT_OBJC_MSGSEND = YES;
				ENABLE_TESTABILITY = YES;
				GCC_C_LANGUAGE_STANDARD = gnu11;
				GCC_DYNAMIC_NO_PIC = NO;
				GCC_NO_COMMON_BLOCKS = YES;
				GCC_OPTIMIZATION_LEVEL = 0;
				GCC_PREPROCESSOR_DEFINITIONS = (
					"DEBUG=1",
					"$(inherited)",
				);
				GCC_WARN_64_TO_32_BIT_CONVERSION = YES;
				GCC_WARN_ABOUT_RETURN_TYPE = YES_ERROR;
				GCC_WARN_UNDECLARED_SELECTOR = YES;
				GCC_WARN_UNINITIALIZED_AUTOS = YES_AGGRESSIVE;
				GCC_WARN_UNUSED_FUNCTION = YES;
				GCC_WARN_UNUSED_VARIABLE = YES;
				IPHONEOS_DEPLOYMENT_TARGET = 15.0;
				MTL_ENABLE_DEBUG_INFO = INCLUDE_SOURCE;
				MTL_FAST_MATH = YES;
				ONLY_ACTIVE_ARCH = YES;
				SDKROOT = iphoneos;
				SWIFT_ACTIVE_COMPILATION_CONDITIONS = DEBUG;
				SWIFT_OPTIMIZATION_LEVEL = "-Onone";
			};
			name = Debug;
		};
		59FFC57D26D693AE006482D7 /* Release */ = {
			isa = XCBuildConfiguration;
			buildSettings = {
				ALWAYS_SEARCH_USER_PATHS = NO;
				CLANG_ANALYZER_NONNULL = YES;
				CLANG_ANALYZER_NUMBER_OBJECT_CONVERSION = YES_AGGRESSIVE;
				CLANG_CXX_LANGUAGE_STANDARD = "gnu++17";
				CLANG_CXX_LIBRARY = "libc++";
				CLANG_ENABLE_MODULES = YES;
				CLANG_ENABLE_OBJC_ARC = YES;
				CLANG_ENABLE_OBJC_WEAK = YES;
				CLANG_WARN_BLOCK_CAPTURE_AUTORELEASING = YES;
				CLANG_WARN_BOOL_CONVERSION = YES;
				CLANG_WARN_COMMA = YES;
				CLANG_WARN_CONSTANT_CONVERSION = YES;
				CLANG_WARN_DEPRECATED_OBJC_IMPLEMENTATIONS = YES;
				CLANG_WARN_DIRECT_OBJC_ISA_USAGE = YES_ERROR;
				CLANG_WARN_DOCUMENTATION_COMMENTS = YES;
				CLANG_WARN_EMPTY_BODY = YES;
				CLANG_WARN_ENUM_CONVERSION = YES;
				CLANG_WARN_INFINITE_RECURSION = YES;
				CLANG_WARN_INT_CONVERSION = YES;
				CLANG_WARN_NON_LITERAL_NULL_CONVERSION = YES;
				CLANG_WARN_OBJC_IMPLICIT_RETAIN_SELF = YES;
				CLANG_WARN_OBJC_LITERAL_CONVERSION = YES;
				CLANG_WARN_OBJC_ROOT_CLASS = YES_ERROR;
				CLANG_WARN_QUOTED_INCLUDE_IN_FRAMEWORK_HEADER = YES;
				CLANG_WARN_RANGE_LOOP_ANALYSIS = YES;
				CLANG_WARN_STRICT_PROTOTYPES = YES;
				CLANG_WARN_SUSPICIOUS_MOVE = YES;
				CLANG_WARN_UNGUARDED_AVAILABILITY = YES_AGGRESSIVE;
				CLANG_WARN_UNREACHABLE_CODE = YES;
				CLANG_WARN__DUPLICATE_METHOD_MATCH = YES;
				COPY_PHASE_STRIP = NO;
				DEBUG_INFORMATION_FORMAT = "dwarf-with-dsym";
				ENABLE_NS_ASSERTIONS = NO;
				ENABLE_STRICT_OBJC_MSGSEND = YES;
				GCC_C_LANGUAGE_STANDARD = gnu11;
				GCC_NO_COMMON_BLOCKS = YES;
				GCC_WARN_64_TO_32_BIT_CONVERSION = YES;
				GCC_WARN_ABOUT_RETURN_TYPE = YES_ERROR;
				GCC_WARN_UNDECLARED_SELECTOR = YES;
				GCC_WARN_UNINITIALIZED_AUTOS = YES_AGGRESSIVE;
				GCC_WARN_UNUSED_FUNCTION = YES;
				GCC_WARN_UNUSED_VARIABLE = YES;
				IPHONEOS_DEPLOYMENT_TARGET = 15.0;
				MTL_ENABLE_DEBUG_INFO = NO;
				MTL_FAST_MATH = YES;
				SDKROOT = iphoneos;
				SWIFT_COMPILATION_MODE = wholemodule;
				SWIFT_OPTIMIZATION_LEVEL = "-O";
				VALIDATE_PRODUCT = YES;
			};
			name = Release;
		};
		59FFC57F26D693AE006482D7 /* Debug */ = {
			isa = XCBuildConfiguration;
			baseConfigurationReference = A55B8DB0809A072088F01896 /* Pods-swift-app-01.debug.xcconfig */;
			buildSettings = {
				ASSETCATALOG_COMPILER_APPICON_NAME = AppIcon;
				ASSETCATALOG_COMPILER_GLOBAL_ACCENT_COLOR_NAME = AccentColor;
				CODE_SIGN_STYLE = Automatic;
				CURRENT_PROJECT_VERSION = 1;
				DEVELOPMENT_ASSET_PATHS = "\"swift-app-01/Preview Content\"";
				DEVELOPMENT_TEAM = 2EK6747KS6;
				ENABLE_PREVIEWS = YES;
				GENERATE_INFOPLIST_FILE = YES;
				INFOPLIST_KEY_UIApplicationSceneManifest_Generation = YES;
				INFOPLIST_KEY_UIApplicationSupportsIndirectInputEvents = YES;
				INFOPLIST_KEY_UILaunchScreen_Generation = YES;
				INFOPLIST_KEY_UISupportedInterfaceOrientations_iPad = "UIInterfaceOrientationPortrait UIInterfaceOrientationPortraitUpsideDown UIInterfaceOrientationLandscapeLeft UIInterfaceOrientationLandscapeRight";
				INFOPLIST_KEY_UISupportedInterfaceOrientations_iPhone = "UIInterfaceOrientationPortrait UIInterfaceOrientationLandscapeLeft UIInterfaceOrientationLandscapeRight";
				IPHONEOS_DEPLOYMENT_TARGET = 14.0;
				LD_RUNPATH_SEARCH_PATHS = (
					"$(inherited)",
					"@executable_path/Frameworks",
				);
				MARKETING_VERSION = 1.0;
				PRODUCT_BUNDLE_IDENTIFIER = "totemapps.com.swift-app-01";
				PRODUCT_NAME = "$(TARGET_NAME)";
				SWIFT_EMIT_LOC_STRINGS = YES;
				SWIFT_VERSION = 5.0;
				TARGETED_DEVICE_FAMILY = "1,2";
			};
			name = Debug;
		};
		59FFC58026D693AE006482D7 /* Release */ = {
			isa = XCBuildConfiguration;
			baseConfigurationReference = 2C1ABFDEF8E5D9CDDAD8C965 /* Pods-swift-app-01.release.xcconfig */;
			buildSettings = {
				ASSETCATALOG_COMPILER_APPICON_NAME = AppIcon;
				ASSETCATALOG_COMPILER_GLOBAL_ACCENT_COLOR_NAME = AccentColor;
				CODE_SIGN_STYLE = Automatic;
				CURRENT_PROJECT_VERSION = 1;
				DEVELOPMENT_ASSET_PATHS = "\"swift-app-01/Preview Content\"";
				DEVELOPMENT_TEAM = 2EK6747KS6;
				ENABLE_PREVIEWS = YES;
				GENERATE_INFOPLIST_FILE = YES;
				INFOPLIST_KEY_UIApplicationSceneManifest_Generation = YES;
				INFOPLIST_KEY_UIApplicationSupportsIndirectInputEvents = YES;
				INFOPLIST_KEY_UILaunchScreen_Generation = YES;
				INFOPLIST_KEY_UISupportedInterfaceOrientations_iPad = "UIInterfaceOrientationPortrait UIInterfaceOrientationPortraitUpsideDown UIInterfaceOrientationLandscapeLeft UIInterfaceOrientationLandscapeRight";
				INFOPLIST_KEY_UISupportedInterfaceOrientations_iPhone = "UIInterfaceOrientationPortrait UIInterfaceOrientationLandscapeLeft UIInterfaceOrientationLandscapeRight";
				IPHONEOS_DEPLOYMENT_TARGET = 14.0;
				LD_RUNPATH_SEARCH_PATHS = (
					"$(inherited)",
					"@executable_path/Frameworks",
				);
				MARKETING_VERSION = 1.0;
				PRODUCT_BUNDLE_IDENTIFIER = "totemapps.com.swift-app-01";
				PRODUCT_NAME = "$(TARGET_NAME)";
				SWIFT_EMIT_LOC_STRINGS = YES;
				SWIFT_VERSION = 5.0;
				TARGETED_DEVICE_FAMILY = "1,2";
			};
			name = Release;
		};
		59FFC58226D693AE006482D7 /* Debug */ = {
			isa = XCBuildConfiguration;
			baseConfigurationReference = EA6B8FF0F2A0A2601D9E1B11 /* Pods-swift-app-01Tests.debug.xcconfig */;
			buildSettings = {
				ALWAYS_EMBED_SWIFT_STANDARD_LIBRARIES = YES;
				BUNDLE_LOADER = "$(TEST_HOST)";
				CODE_SIGN_STYLE = Automatic;
				CURRENT_PROJECT_VERSION = 1;
				DEVELOPMENT_TEAM = 2EK6747KS6;
				GENERATE_INFOPLIST_FILE = YES;
				IPHONEOS_DEPLOYMENT_TARGET = 14.0;
				LD_RUNPATH_SEARCH_PATHS = (
					"$(inherited)",
					"@executable_path/Frameworks",
					"@loader_path/Frameworks",
				);
				MARKETING_VERSION = 1.0;
				PRODUCT_BUNDLE_IDENTIFIER = "totemapps.com.swift-app-01Tests";
				PRODUCT_NAME = "$(TARGET_NAME)";
				SWIFT_EMIT_LOC_STRINGS = NO;
				SWIFT_VERSION = 5.0;
				TARGETED_DEVICE_FAMILY = "1,2";
				TEST_HOST = "$(BUILT_PRODUCTS_DIR)/swift-app-01.app/swift-app-01";
			};
			name = Debug;
		};
		59FFC58326D693AE006482D7 /* Release */ = {
			isa = XCBuildConfiguration;
			baseConfigurationReference = 3EC290D07A728CACD9782A0D /* Pods-swift-app-01Tests.release.xcconfig */;
			buildSettings = {
				ALWAYS_EMBED_SWIFT_STANDARD_LIBRARIES = YES;
				BUNDLE_LOADER = "$(TEST_HOST)";
				CODE_SIGN_STYLE = Automatic;
				CURRENT_PROJECT_VERSION = 1;
				DEVELOPMENT_TEAM = 2EK6747KS6;
				GENERATE_INFOPLIST_FILE = YES;
				IPHONEOS_DEPLOYMENT_TARGET = 14.0;
				LD_RUNPATH_SEARCH_PATHS = (
					"$(inherited)",
					"@executable_path/Frameworks",
					"@loader_path/Frameworks",
				);
				MARKETING_VERSION = 1.0;
				PRODUCT_BUNDLE_IDENTIFIER = "totemapps.com.swift-app-01Tests";
				PRODUCT_NAME = "$(TARGET_NAME)";
				SWIFT_EMIT_LOC_STRINGS = NO;
				SWIFT_VERSION = 5.0;
				TARGETED_DEVICE_FAMILY = "1,2";
				TEST_HOST = "$(BUILT_PRODUCTS_DIR)/swift-app-01.app/swift-app-01";
			};
			name = Release;
		};
		59FFC58526D693AE006482D7 /* Debug */ = {
			isa = XCBuildConfiguration;
			baseConfigurationReference = 00BC615166556045AF01DB7E /* Pods-swift-app-01-swift-app-01UITests.debug.xcconfig */;
			buildSettings = {
				ALWAYS_EMBED_SWIFT_STANDARD_LIBRARIES = YES;
				CODE_SIGN_STYLE = Automatic;
				CURRENT_PROJECT_VERSION = 1;
				DEVELOPMENT_TEAM = 2EK6747KS6;
				GENERATE_INFOPLIST_FILE = YES;
				LD_RUNPATH_SEARCH_PATHS = (
					"$(inherited)",
					"@executable_path/Frameworks",
					"@loader_path/Frameworks",
				);
				MARKETING_VERSION = 1.0;
				PRODUCT_BUNDLE_IDENTIFIER = "totemapps.com.swift-app-01UITests";
				PRODUCT_NAME = "$(TARGET_NAME)";
				SWIFT_EMIT_LOC_STRINGS = NO;
				SWIFT_VERSION = 5.0;
				TARGETED_DEVICE_FAMILY = "1,2";
				TEST_TARGET_NAME = "swift-app-01";
			};
			name = Debug;
		};
		59FFC58626D693AE006482D7 /* Release */ = {
			isa = XCBuildConfiguration;
			baseConfigurationReference = 86F10AF07B9A9C465FD12C20 /* Pods-swift-app-01-swift-app-01UITests.release.xcconfig */;
			buildSettings = {
				ALWAYS_EMBED_SWIFT_STANDARD_LIBRARIES = YES;
				CODE_SIGN_STYLE = Automatic;
				CURRENT_PROJECT_VERSION = 1;
				DEVELOPMENT_TEAM = 2EK6747KS6;
				GENERATE_INFOPLIST_FILE = YES;
				LD_RUNPATH_SEARCH_PATHS = (
					"$(inherited)",
					"@executable_path/Frameworks",
					"@loader_path/Frameworks",
				);
				MARKETING_VERSION = 1.0;
				PRODUCT_BUNDLE_IDENTIFIER = "totemapps.com.swift-app-01UITests";
				PRODUCT_NAME = "$(TARGET_NAME)";
				SWIFT_EMIT_LOC_STRINGS = NO;
				SWIFT_VERSION = 5.0;
				TARGETED_DEVICE_FAMILY = "1,2";
				TEST_TARGET_NAME = "swift-app-01";
			};
			name = Release;
		};
/* End XCBuildConfiguration section */

/* Begin XCConfigurationList section */
		59FFC55526D693AC006482D7 /* Build configuration list for PBXProject "swift-app-01" */ = {
			isa = XCConfigurationList;
			buildConfigurations = (
				59FFC57C26D693AE006482D7 /* Debug */,
				59FFC57D26D693AE006482D7 /* Release */,
			);
			defaultConfigurationIsVisible = 0;
			defaultConfigurationName = Release;
		};
		59FFC57E26D693AE006482D7 /* Build configuration list for PBXNativeTarget "swift-app-01" */ = {
			isa = XCConfigurationList;
			buildConfigurations = (
				59FFC57F26D693AE006482D7 /* Debug */,
				59FFC58026D693AE006482D7 /* Release */,
			);
			defaultConfigurationIsVisible = 0;
			defaultConfigurationName = Release;
		};
		59FFC58126D693AE006482D7 /* Build configuration list for PBXNativeTarget "swift-app-01Tests" */ = {
			isa = XCConfigurationList;
			buildConfigurations = (
				59FFC58226D693AE006482D7 /* Debug */,
				59FFC58326D693AE006482D7 /* Release */,
			);
			defaultConfigurationIsVisible = 0;
			defaultConfigurationName = Release;
		};
		59FFC58426D693AE006482D7 /* Build configuration list for PBXNativeTarget "swift-app-01UITests" */ = {
			isa = XCConfigurationList;
			buildConfigurations = (
				59FFC58526D693AE006482D7 /* Debug */,
				59FFC58626D693AE006482D7 /* Release */,
			);
			defaultConfigurationIsVisible = 0;
			defaultConfigurationName = Release;
		};
/* End XCConfigurationList section */
	};
	rootObject = 59FFC55226D693AC006482D7 /* Project object */;
}
